
Microsoft Visual Studio Solution File, Format Version 12.00
# Visual Studio 14
VisualStudioVersion = 14.0.25420.1
MinimumVisualStudioVersion = 10.0.40219.1
Project("{FAE04EC0-301F-11D3-BF4B-00C04F79EFBC}") = "RickAndMortyBackend", "RickAndMortyBackend\RickAndMortyBackend.csproj", "{047316AC-7969-4C78-A9E3-74D526605FEC}"
EndProject
Project("{FAE04EC0-301F-11D3-BF4B-00C04F79EFBC}") = "RickAndMortyFE", "RickAndMortyFE\RickAndMortyFE.csproj", "{7227CCAC-A7C6-49AC-B19B-9A69CE8F3BFB}"
EndProject
Global
	GlobalSection(SolutionConfigurationPlatforms) = preSolution
		Debug|Any CPU = Debug|Any CPU
		Release|Any CPU = Release|Any CPU
	EndGlobalSection
	GlobalSection(ProjectConfigurationPlatforms) = postSolution
		{047316AC-7969-4C78-A9E3-74D526605FEC}.Debug|Any CPU.ActiveCfg = Debug|Any CPU
		{047316AC-7969-4C78-A9E3-74D526605FEC}.Debug|Any CPU.Build.0 = Debug|Any CPU
		{047316AC-7969-4C78-A9E3-74D526605FEC}.Release|Any CPU.ActiveCfg = Release|Any CPU
		{047316AC-7969-4C78-A9E3-74D526605FEC}.Release|Any CPU.Build.0 = Release|Any CPU
		{7227CCAC-A7C6-49AC-B19B-9A69CE8F3BFB}.Debug|Any CPU.ActiveCfg = Debug|Any CPU
		{7227CCAC-A7C6-49AC-B19B-9A69CE8F3BFB}.Debug|Any CPU.Build.0 = Debug|Any CPU
		{7227CCAC-A7C6-49AC-B19B-9A69CE8F3BFB}.Release|Any CPU.ActiveCfg = Release|Any CPU
		{7227CCAC-A7C6-49AC-B19B-9A69CE8F3BFB}.Release|Any CPU.Build.0 = Release|Any CPU
	EndGlobalSection
	GlobalSection(SolutionProperties) = preSolution
		HideSolutionNode = FALSE
	EndGlobalSection
EndGlobal
